
Microsoft Visual Studio Solution File, Format Version 12.00
# Visual Studio Version 17
VisualStudioVersion = 17.10.35027.167
MinimumVisualStudioVersion = 10.0.40219.1
Project("{FAE04EC0-301F-11D3-BF4B-00C04F79EFBC}") = "Quiz4", "Quiz4\Quiz4.csproj", "{C05ED9A0-8F08-4C28-8BBD-53091333B4CE}"
EndProject
Global
	GlobalSection(SolutionConfigurationPlatforms) = preSolution
		Debug|Any CPU = Debug|Any CPU
		Release|Any CPU = Release|Any CPU
	EndGlobalSection
	GlobalSection(ProjectConfigurationPlatforms) = postSolution
		{C05ED9A0-8F08-4C28-8BBD-53091333B4CE}.Debug|Any CPU.ActiveCfg = Debug|Any CPU
		{C05ED9A0-8F08-4C28-8BBD-53091333B4CE}.Debug|Any CPU.Build.0 = Debug|Any CPU
		{C05ED9A0-8F08-4C28-8BBD-53091333B4CE}.Release|Any CPU.ActiveCfg = Release|Any CPU
		{C05ED9A0-8F08-4C28-8BBD-53091333B4CE}.Release|Any CPU.Build.0 = Release|Any CPU
	EndGlobalSection
	GlobalSection(SolutionProperties) = preSolution
		HideSolutionNode = FALSE
	EndGlobalSection
	GlobalSection(ExtensibilityGlobals) = postSolution
		SolutionGuid = {B405C4E6-F446-4F9F-B3CE-177322CAFCCA}
	EndGlobalSection
EndGlobal
